
Microsoft Visual Studio Solution File, Format Version 12.00
# Visual Studio Version 16
VisualStudioVersion = 16.0.31105.61
MinimumVisualStudioVersion = 10.0.40219.1
Project("{9A19103F-16F7-4668-BE54-9A1E7A4F7556}") = "HyperSloopApp", "HyperSloopApp\HyperSloopApp.csproj", "{D88CD5C6-A356-49EB-A501-FAFA2636D72D}"
EndProject
Project("{9A19103F-16F7-4668-BE54-9A1E7A4F7556}") = "UnitTest", "UnitTest\UnitTest.csproj", "{6EDC0FE1-D654-4B9E-86C0-99BF450E16A0}"
EndProject
Global
	GlobalSection(SolutionConfigurationPlatforms) = preSolution
		Debug|Any CPU = Debug|Any CPU
		Release|Any CPU = Release|Any CPU
	EndGlobalSection
	GlobalSection(ProjectConfigurationPlatforms) = postSolution
		{D88CD5C6-A356-49EB-A501-FAFA2636D72D}.Debug|Any CPU.ActiveCfg = Debug|Any CPU
		{D88CD5C6-A356-49EB-A501-FAFA2636D72D}.Debug|Any CPU.Build.0 = Debug|Any CPU
		{D88CD5C6-A356-49EB-A501-FAFA2636D72D}.Release|Any CPU.ActiveCfg = Release|Any CPU
		{D88CD5C6-A356-49EB-A501-FAFA2636D72D}.Release|Any CPU.Build.0 = Release|Any CPU
		{6EDC0FE1-D654-4B9E-86C0-99BF450E16A0}.Debug|Any CPU.ActiveCfg = Debug|Any CPU
		{6EDC0FE1-D654-4B9E-86C0-99BF450E16A0}.Debug|Any CPU.Build.0 = Debug|Any CPU
		{6EDC0FE1-D654-4B9E-86C0-99BF450E16A0}.Release|Any CPU.ActiveCfg = Release|Any CPU
		{6EDC0FE1-D654-4B9E-86C0-99BF450E16A0}.Release|Any CPU.Build.0 = Release|Any CPU
	EndGlobalSection
	GlobalSection(SolutionProperties) = preSolution
		HideSolutionNode = FALSE
	EndGlobalSection
	GlobalSection(ExtensibilityGlobals) = postSolution
		SolutionGuid = {FD8BA84C-820F-47E4-955E-2B8E3E82730F}
	EndGlobalSection
EndGlobal
